
Microsoft Visual Studio Solution File, Format Version 12.00
# Visual Studio Version 17
VisualStudioVersion = 17.0.31903.59
MinimumVisualStudioVersion = 10.0.40219.1
Project("{9A19103F-16F7-4668-BE54-9A1E7A4F7556}") = "StepWise.Core", "src\StepWise.Core\StepWise.Core.csproj", "{F1160DA4-08B3-4B8E-BCCD-F11052E3ADD8}"
EndProject
Project("{2150E333-8FDC-42A3-9474-1A3956D46DE8}") = "src", "src", "{19750AFD-3091-4569-9D89-8D5735C3EBFC}"
EndProject
Project("{2150E333-8FDC-42A3-9474-1A3956D46DE8}") = "Solution Items", "Solution Items", "{FE80ADDA-F69B-467B-8311-04FF5FA5B928}"
	ProjectSection(SolutionItems) = preProject
		.editorconfig = .editorconfig
		Directory.Build.props = Directory.Build.props
		Directory.Packages.props = Directory.Packages.props
		README.md = README.md
	EndProjectSection
EndProject
Project("{2150E333-8FDC-42A3-9474-1A3956D46DE8}") = "test", "test", "{5E5C30E1-F538-430A-BE65-40C1C5B5C76A}"
EndProject
Project("{2150E333-8FDC-42A3-9474-1A3956D46DE8}") = "example", "example", "{0D861355-C022-4E1A-8C7B-7D1C3A066EE3}"
EndProject
Project("{9A19103F-16F7-4668-BE54-9A1E7A4F7556}") = "GetWeather", "example\GetWeather\GetWeather.csproj", "{CEEC902A-E5F1-48DB-B549-D27C5011020A}"
EndProject
Project("{9A19103F-16F7-4668-BE54-9A1E7A4F7556}") = "StepWise.Core.Tests", "test\StepWise.Core.Tests\StepWise.Core.Tests.csproj", "{2C1A5352-C488-4EBB-B3C6-2FDCE9B043F8}"
EndProject
Project("{9A19103F-16F7-4668-BE54-9A1E7A4F7556}") = "CodeInterpreter", "example\CodeInterpreter\CodeInterpreter.csproj", "{9BF63586-31E6-4075-B120-C8D2B6E7296A}"
EndProject
Project("{9A19103F-16F7-4668-BE54-9A1E7A4F7556}") = "StepWise.WebAPI", "src\StepWise.WebAPI\StepWise.WebAPI.csproj", "{8D2B6D19-3922-4B52-BB88-B28C01737970}"
EndProject
Project("{9A19103F-16F7-4668-BE54-9A1E7A4F7556}") = "StepWise.WebAPI.Tests", "test\StepWise.WebAPI.Tests\StepWise.WebAPI.Tests.csproj", "{DAE8E54E-0A43-4FD7-9D75-6081792FA94E}"
EndProject
Project("{9A19103F-16F7-4668-BE54-9A1E7A4F7556}") = "StepWise.Gallery.Basic", "example\HelloWorld\StepWise.Gallery.Basic.csproj", "{8BD13BAB-263D-403F-93CC-FB628FA2E0C2}"
EndProject
Project("{9A19103F-16F7-4668-BE54-9A1E7A4F7556}") = "StepWise.WebUI", "src\StepWise.WebUI\StepWise.WebUI.csproj", "{7DD9A65A-C68D-464A-AFDB-21E9A3C6AA0E}"
EndProject
Project("{9A19103F-16F7-4668-BE54-9A1E7A4F7556}") = "StepWise", "src\StepWise\StepWise.csproj", "{3D5EDF70-D0B3-4552-8185-BE5EB11C7ADA}"
EndProject
Project("{FAE04EC0-301F-11D3-BF4B-00C04F79EFBC}") = "StepWise.Gallery.Web", "example\StepWIse.Gallery.Web\StepWise.Gallery.Web.csproj", "{218B897C-F0F6-4B8F-A3F4-2289B6B5415F}"
EndProject
Project("{2150E333-8FDC-42A3-9474-1A3956D46DE8}") = "template", "template", "{02EA681E-C7D8-13C7-8484-4AC65E1B71E8}"
EndProject
Project("{FAE04EC0-301F-11D3-BF4B-00C04F79EFBC}") = "StepWise.Template", "template\StepWise.Template.csproj", "{E2D7CB90-C283-9851-BC17-380194A3AEA5}"
EndProject
Project("{FAE04EC0-301F-11D3-BF4B-00C04F79EFBC}") = "StepWise.Gallery.Agentic", "example\StepWise.Gallery.Agentic\StepWise.Gallery.Agentic.csproj", "{567C38AD-31FC-4D5B-A891-DEE41AFF0AA8}"
EndProject
Project("{2150E333-8FDC-42A3-9474-1A3956D46DE8}") = "MCP", "MCP", "{ED7444D0-6814-4A6F-ABD2-D6102E0275D0}"
EndProject
Project("{FAE04EC0-301F-11D3-BF4B-00C04F79EFBC}") = "WeatherServer", "example\MCP\WeatherChat\WeatherServer\WeatherServer.csproj", "{FCA9D6E7-C600-4FB1-AFED-680CA3F38D22}"
EndProject
Project("{FAE04EC0-301F-11D3-BF4B-00C04F79EFBC}") = "Client", "example\MCP\WeatherChat\Client\Client.csproj", "{A4084504-858F-4284-8DBD-16F1E989A86F}"
EndProject
Project("{2150E333-8FDC-42A3-9474-1A3956D46DE8}") = "MEAI", "MEAI", "{5E8DAB3B-3FA7-42C3-AFE1-32EA710CDF67}"
EndProject
Global
	GlobalSection(SolutionConfigurationPlatforms) = preSolution
		Debug|Any CPU = Debug|Any CPU
		Release|Any CPU = Release|Any CPU
	EndGlobalSection
	GlobalSection(ProjectConfigurationPlatforms) = postSolution
		{F1160DA4-08B3-4B8E-BCCD-F11052E3ADD8}.Debug|Any CPU.ActiveCfg = Debug|Any CPU
		{F1160DA4-08B3-4B8E-BCCD-F11052E3ADD8}.Debug|Any CPU.Build.0 = Debug|Any CPU
		{F1160DA4-08B3-4B8E-BCCD-F11052E3ADD8}.Release|Any CPU.ActiveCfg = Release|Any CPU
		{F1160DA4-08B3-4B8E-BCCD-F11052E3ADD8}.Release|Any CPU.Build.0 = Release|Any CPU
		{CEEC902A-E5F1-48DB-B549-D27C5011020A}.Debug|Any CPU.ActiveCfg = Debug|Any CPU
		{CEEC902A-E5F1-48DB-B549-D27C5011020A}.Debug|Any CPU.Build.0 = Debug|Any CPU
		{CEEC902A-E5F1-48DB-B549-D27C5011020A}.Release|Any CPU.ActiveCfg = Release|Any CPU
		{CEEC902A-E5F1-48DB-B549-D27C5011020A}.Release|Any CPU.Build.0 = Release|Any CPU
		{2C1A5352-C488-4EBB-B3C6-2FDCE9B043F8}.Debug|Any CPU.ActiveCfg = Debug|Any CPU
		{2C1A5352-C488-4EBB-B3C6-2FDCE9B043F8}.Debug|Any CPU.Build.0 = Debug|Any CPU
		{2C1A5352-C488-4EBB-B3C6-2FDCE9B043F8}.Release|Any CPU.ActiveCfg = Release|Any CPU
		{2C1A5352-C488-4EBB-B3C6-2FDCE9B043F8}.Release|Any CPU.Build.0 = Release|Any CPU
		{9BF63586-31E6-4075-B120-C8D2B6E7296A}.Debug|Any CPU.ActiveCfg = Debug|Any CPU
		{9BF63586-31E6-4075-B120-C8D2B6E7296A}.Debug|Any CPU.Build.0 = Debug|Any CPU
		{9BF63586-31E6-4075-B120-C8D2B6E7296A}.Release|Any CPU.ActiveCfg = Release|Any CPU
		{9BF63586-31E6-4075-B120-C8D2B6E7296A}.Release|Any CPU.Build.0 = Release|Any CPU
		{8D2B6D19-3922-4B52-BB88-B28C01737970}.Debug|Any CPU.ActiveCfg = Debug|Any CPU
		{8D2B6D19-3922-4B52-BB88-B28C01737970}.Debug|Any CPU.Build.0 = Debug|Any CPU
		{8D2B6D19-3922-4B52-BB88-B28C01737970}.Release|Any CPU.ActiveCfg = Release|Any CPU
		{8D2B6D19-3922-4B52-BB88-B28C01737970}.Release|Any CPU.Build.0 = Release|Any CPU
		{DAE8E54E-0A43-4FD7-9D75-6081792FA94E}.Debug|Any CPU.ActiveCfg = Debug|Any CPU
		{DAE8E54E-0A43-4FD7-9D75-6081792FA94E}.Debug|Any CPU.Build.0 = Debug|Any CPU
		{DAE8E54E-0A43-4FD7-9D75-6081792FA94E}.Release|Any CPU.ActiveCfg = Release|Any CPU
		{DAE8E54E-0A43-4FD7-9D75-6081792FA94E}.Release|Any CPU.Build.0 = Release|Any CPU
		{8BD13BAB-263D-403F-93CC-FB628FA2E0C2}.Debug|Any CPU.ActiveCfg = Debug|Any CPU
		{8BD13BAB-263D-403F-93CC-FB628FA2E0C2}.Debug|Any CPU.Build.0 = Debug|Any CPU
		{8BD13BAB-263D-403F-93CC-FB628FA2E0C2}.Release|Any CPU.ActiveCfg = Release|Any CPU
		{8BD13BAB-263D-403F-93CC-FB628FA2E0C2}.Release|Any CPU.Build.0 = Release|Any CPU
		{7DD9A65A-C68D-464A-AFDB-21E9A3C6AA0E}.Debug|Any CPU.ActiveCfg = Debug|Any CPU
		{7DD9A65A-C68D-464A-AFDB-21E9A3C6AA0E}.Debug|Any CPU.Build.0 = Debug|Any CPU
		{7DD9A65A-C68D-464A-AFDB-21E9A3C6AA0E}.Release|Any CPU.ActiveCfg = Release|Any CPU
		{7DD9A65A-C68D-464A-AFDB-21E9A3C6AA0E}.Release|Any CPU.Build.0 = Release|Any CPU
		{3D5EDF70-D0B3-4552-8185-BE5EB11C7ADA}.Debug|Any CPU.ActiveCfg = Debug|Any CPU
		{3D5EDF70-D0B3-4552-8185-BE5EB11C7ADA}.Debug|Any CPU.Build.0 = Debug|Any CPU
		{3D5EDF70-D0B3-4552-8185-BE5EB11C7ADA}.Release|Any CPU.ActiveCfg = Release|Any CPU
		{3D5EDF70-D0B3-4552-8185-BE5EB11C7ADA}.Release|Any CPU.Build.0 = Release|Any CPU
		{218B897C-F0F6-4B8F-A3F4-2289B6B5415F}.Debug|Any CPU.ActiveCfg = Debug|Any CPU
		{218B897C-F0F6-4B8F-A3F4-2289B6B5415F}.Debug|Any CPU.Build.0 = Debug|Any CPU
		{218B897C-F0F6-4B8F-A3F4-2289B6B5415F}.Release|Any CPU.ActiveCfg = Release|Any CPU
		{218B897C-F0F6-4B8F-A3F4-2289B6B5415F}.Release|Any CPU.Build.0 = Release|Any CPU
		{E2D7CB90-C283-9851-BC17-380194A3AEA5}.Debug|Any CPU.ActiveCfg = Debug|Any CPU
		{E2D7CB90-C283-9851-BC17-380194A3AEA5}.Debug|Any CPU.Build.0 = Debug|Any CPU
		{E2D7CB90-C283-9851-BC17-380194A3AEA5}.Release|Any CPU.ActiveCfg = Release|Any CPU
		{E2D7CB90-C283-9851-BC17-380194A3AEA5}.Release|Any CPU.Build.0 = Release|Any CPU
		{567C38AD-31FC-4D5B-A891-DEE41AFF0AA8}.Debug|Any CPU.ActiveCfg = Debug|Any CPU
		{567C38AD-31FC-4D5B-A891-DEE41AFF0AA8}.Debug|Any CPU.Build.0 = Debug|Any CPU
		{567C38AD-31FC-4D5B-A891-DEE41AFF0AA8}.Release|Any CPU.ActiveCfg = Release|Any CPU
		{567C38AD-31FC-4D5B-A891-DEE41AFF0AA8}.Release|Any CPU.Build.0 = Release|Any CPU
		{FCA9D6E7-C600-4FB1-AFED-680CA3F38D22}.Debug|Any CPU.ActiveCfg = Debug|Any CPU
		{FCA9D6E7-C600-4FB1-AFED-680CA3F38D22}.Debug|Any CPU.Build.0 = Debug|Any CPU
		{FCA9D6E7-C600-4FB1-AFED-680CA3F38D22}.Release|Any CPU.ActiveCfg = Release|Any CPU
		{FCA9D6E7-C600-4FB1-AFED-680CA3F38D22}.Release|Any CPU.Build.0 = Release|Any CPU
		{A4084504-858F-4284-8DBD-16F1E989A86F}.Debug|Any CPU.ActiveCfg = Debug|Any CPU
		{A4084504-858F-4284-8DBD-16F1E989A86F}.Debug|Any CPU.Build.0 = Debug|Any CPU
		{A4084504-858F-4284-8DBD-16F1E989A86F}.Release|Any CPU.ActiveCfg = Release|Any CPU
		{A4084504-858F-4284-8DBD-16F1E989A86F}.Release|Any CPU.Build.0 = Release|Any CPU
	EndGlobalSection
	GlobalSection(SolutionProperties) = preSolution
		HideSolutionNode = FALSE
	EndGlobalSection
	GlobalSection(NestedProjects) = preSolution
		{F1160DA4-08B3-4B8E-BCCD-F11052E3ADD8} = {19750AFD-3091-4569-9D89-8D5735C3EBFC}
		{CEEC902A-E5F1-48DB-B549-D27C5011020A} = {5E8DAB3B-3FA7-42C3-AFE1-32EA710CDF67}
		{2C1A5352-C488-4EBB-B3C6-2FDCE9B043F8} = {5E5C30E1-F538-430A-BE65-40C1C5B5C76A}
		{9BF63586-31E6-4075-B120-C8D2B6E7296A} = {5E8DAB3B-3FA7-42C3-AFE1-32EA710CDF67}
		{8D2B6D19-3922-4B52-BB88-B28C01737970} = {19750AFD-3091-4569-9D89-8D5735C3EBFC}
		{DAE8E54E-0A43-4FD7-9D75-6081792FA94E} = {5E5C30E1-F538-430A-BE65-40C1C5B5C76A}
		{8BD13BAB-263D-403F-93CC-FB628FA2E0C2} = {0D861355-C022-4E1A-8C7B-7D1C3A066EE3}
		{7DD9A65A-C68D-464A-AFDB-21E9A3C6AA0E} = {19750AFD-3091-4569-9D89-8D5735C3EBFC}
		{3D5EDF70-D0B3-4552-8185-BE5EB11C7ADA} = {19750AFD-3091-4569-9D89-8D5735C3EBFC}
		{218B897C-F0F6-4B8F-A3F4-2289B6B5415F} = {0D861355-C022-4E1A-8C7B-7D1C3A066EE3}
		{E2D7CB90-C283-9851-BC17-380194A3AEA5} = {02EA681E-C7D8-13C7-8484-4AC65E1B71E8}
		{567C38AD-31FC-4D5B-A891-DEE41AFF0AA8} = {0D861355-C022-4E1A-8C7B-7D1C3A066EE3}
		{ED7444D0-6814-4A6F-ABD2-D6102E0275D0} = {0D861355-C022-4E1A-8C7B-7D1C3A066EE3}
		{FCA9D6E7-C600-4FB1-AFED-680CA3F38D22} = {ED7444D0-6814-4A6F-ABD2-D6102E0275D0}
		{A4084504-858F-4284-8DBD-16F1E989A86F} = {ED7444D0-6814-4A6F-ABD2-D6102E0275D0}
		{5E8DAB3B-3FA7-42C3-AFE1-32EA710CDF67} = {0D861355-C022-4E1A-8C7B-7D1C3A066EE3}
	EndGlobalSection
	GlobalSection(ExtensibilityGlobals) = postSolution
		SolutionGuid = {55953F2E-2283-4F22-9B79-17E81B54BDCE}
	EndGlobalSection
EndGlobal
